{
  "version": 4,
  "terraform_version": "1.3.6",
  "serial": 87,
  "lineage": "c44d6134-f37a-fbc6-64b7-69eb579e64b8",
  "outputs": {},
  "resources": [
    {
      "mode": "managed",
      "type": "azurerm_linux_virtual_machine",
      "name": "demo-vm",
      "provider": "provider[\"registry.terraform.io/hashicorp/azurerm\"]",
      "instances": [
        {
          "schema_version": 0,
          "attributes": {
            "additional_capabilities": [],
            "admin_password": null,
            "admin_ssh_key": [
              {
                "public_key": "ssh-rsa AAAAB3NzaC1yc2EAAAADAQABAAACAQC94dVNrsRS8HFgjBqUHkFlmoALjZ4uiCt0/y033wwI0Foqs0Kjy0hIX4PUHAo9sUKZ3cGO42XmPRcC+URdEeEF4IXeFgaZBFqj+Ojx6xTCU41vJ2uOTa4bsdllKYDLQoaOXUalh/Bh/5uApZJaIAlmN3cxGjgpX88PSMI3Hc4BGtr+o00aUtljZiDCYAHiYU8xtGcN8ieyxgDvkGnYTJ+88qNZDgITcLDRFhQHqkVqaqBqaogdFw31KiJHZ+IS6p/OeJw8cT9HftL+ySc9tdMw7NVfvV+MeMcFPVVSPcAhzSPXVKTCMvvCWxAQ3yUj5t3GUc9zuLtR8UIY6RZcjgg/7kL9GZ30j9yfbKxABdeYtgB3o/l83MmrMwjhDax3SiZ4QIcVLKeP4unMtT4bPKvi0EUCalQqVDeWCzUYZKZRAYLJxdBg+1m95M5qrFQf8qnURdsnLovVA+ytGzyUElcKIic9AuxXAi+6hpj97GI2BbEVGEXlx96/XZ5apuhwXP+8Tj1OCXouFcTNVwjKjvCmaE29MqZR0B4TqIp7ksAGW7AtRIF7DwzSAjeQMt6UhWwirrnFdPODnxZ7DMcUuL71/4/jsZOreXR95NfXmgKBJqoIKqJLCvFpmFYL1bpL7Q/AjF609TefUmzmPrA34GAPBYEcl4Zppt5lBS5eyKdzdQ== EAD+6075147@TR-9ZS0XD3\n",
                "username": "adminuser"
              }
            ],
            "admin_username": "adminuser",
            "allow_extension_operations": true,
            "availability_set_id": "",
            "boot_diagnostics": [],
            "computer_name": "demo-vm",
            "custom_data": "IyEgL2Jpbi9iYXNoDQpzdWRvIGFwdC1nZXQgdXBkYXRlIC15ICYmDQpzdWRvIGFwdC1nZXQgaW5zdGFsbCAteSBcDQphcHQtdHJhbnNwb3J0LWh0dHBzIFwNCmNhLWNlcnRpZmljYXRlcyBcDQpjdXJsIFwNCmdudXBnLWFnZW50IFwNCnNvZnR3YXJlLXByb3BlcnRpZXMtY29tbW9uICYmDQpjdXJsIC1mc1NMIGh0dHBzOi8vZG93bmxvYWQuZG9ja2VyLmNvbS9saW51eC91YnVudHUvZ3BnIHwgc3VkbyBhcHQta2V5IGFkZCAtICYmDQpzdWRvIGFkZC1hcHQtcmVwb3NpdG9yeSAiZGViIFthcmNoPWFtZDY0XSBodHRwczovL2Rvd25sb2FkLmRvY2tlci5jb20vbGludXgvdWJ1bnR1ICQobHNiX3JlbGVhc2UgLWNzKSBzdGFibGUiICYmIA0Kc3VkbyBhcHQtZ2V0IHVwZGF0ZSAteSAmJiANCnN1ZG8gYXB0IGluc3RhbGwgZG9ja2VyLWNlIGRvY2tlci1jZS1jbGkgY29udGFpbmVyZC5pbyAteSAmJiANCnN1ZG8gdXNlcm1vZCAtYUcgZG9ja2VyIHVidW50dQ==",
            "dedicated_host_id": "",
            "disable_password_authentication": true,
            "encryption_at_host_enabled": false,
            "eviction_policy": "",
            "extensions_time_budget": "PT1H30M",
            "id": "/subscriptions/c33d6608-8002-4e5c-ba8f-657b6e75ad70/resourceGroups/demo-rg/providers/Microsoft.Compute/virtualMachines/demo-vm",
            "identity": [],
            "license_type": "",
            "location": "southindia",
            "max_bid_price": -1,
            "name": "demo-vm",
            "network_interface_ids": [
              "/subscriptions/c33d6608-8002-4e5c-ba8f-657b6e75ad70/resourceGroups/demo-rg/providers/Microsoft.Network/networkInterfaces/demo-nic"
            ],
            "os_disk": [
              {
                "caching": "ReadWrite",
                "diff_disk_settings": [],
                "disk_encryption_set_id": "",
                "disk_size_gb": 30,
                "name": "demo-vm_disk1_747f1818bdd04f0c8b4258f98e4e7751",
                "storage_account_type": "Standard_LRS",
                "write_accelerator_enabled": false
              }
            ],
            "patch_mode": "ImageDefault",
            "plan": [],
            "platform_fault_domain": -1,
            "priority": "Regular",
            "private_ip_address": "10.123.1.4",
            "private_ip_addresses": [
              "10.123.1.4"
            ],
            "provision_vm_agent": true,
            "proximity_placement_group_id": "",
            "public_ip_address": "20.219.124.104",
            "public_ip_addresses": [
              "20.219.124.104"
            ],
            "resource_group_name": "demo-rg",
            "secret": [],
            "secure_boot_enabled": false,
            "size": "Standard_B1s",
            "source_image_id": "",
            "source_image_reference": [
              {
                "offer": "UbuntuServer",
                "publisher": "Canonical",
                "sku": "16.04-LTS",
                "version": "latest"
              }
            ],
            "tags": null,
            "timeouts": null,
            "user_data": "",
            "virtual_machine_id": "e94247a3-7afc-4d7d-91a8-bc3181b8779a",
            "virtual_machine_scale_set_id": "",
            "vtpm_enabled": false,
            "zone": ""
          },
          "sensitive_attributes": [],
          "private": "eyJlMmJmYjczMC1lY2FhLTExZTYtOGY4OC0zNDM2M2JjN2M0YzAiOnsiY3JlYXRlIjoyNzAwMDAwMDAwMDAwLCJkZWxldGUiOjI3MDAwMDAwMDAwMDAsInJlYWQiOjMwMDAwMDAwMDAwMCwidXBkYXRlIjoyNzAwMDAwMDAwMDAwfX0=",
          "dependencies": [
            "azurerm_network_interface.demo-nic",
            "azurerm_public_ip.demo-ip",
            "azurerm_resource_group.demo-rg",
            "azurerm_subnet.demo-subnet",
            "azurerm_virtual_network.demo-vn"
          ]
        }
      ]
    },
    {
      "mode": "managed",
      "type": "azurerm_network_interface",
      "name": "demo-nic",
      "provider": "provider[\"registry.terraform.io/hashicorp/azurerm\"]",
      "instances": [
        {
          "schema_version": 0,
          "attributes": {
            "applied_dns_servers": [],
            "dns_servers": [],
            "enable_accelerated_networking": false,
            "enable_ip_forwarding": false,
            "id": "/subscriptions/c33d6608-8002-4e5c-ba8f-657b6e75ad70/resourceGroups/demo-rg/providers/Microsoft.Network/networkInterfaces/demo-nic",
            "internal_dns_name_label": "",
            "internal_domain_name_suffix": "gdnxfyq5hn0ehl0goanbab3wqa.tx.internal.cloudapp.net",
            "ip_configuration": [
              {
                "gateway_load_balancer_frontend_ip_configuration_id": "",
                "name": "internal",
                "primary": true,
                "private_ip_address": "10.123.1.4",
                "private_ip_address_allocation": "Dynamic",
                "private_ip_address_version": "IPv4",
                "public_ip_address_id": "/subscriptions/c33d6608-8002-4e5c-ba8f-657b6e75ad70/resourceGroups/demo-rg/providers/Microsoft.Network/publicIPAddresses/demo-pip",
                "subnet_id": "/subscriptions/c33d6608-8002-4e5c-ba8f-657b6e75ad70/resourceGroups/demo-rg/providers/Microsoft.Network/virtualNetworks/demo-vn/subnets/subnet_1"
              }
            ],
            "location": "southindia",
            "mac_address": "",
            "name": "demo-nic",
            "private_ip_address": "10.123.1.4",
            "private_ip_addresses": [
              "10.123.1.4"
            ],
            "resource_group_name": "demo-rg",
            "tags": {
              "env": "test",
              "owner": "sumit",
              "source": "terraform"
            },
            "timeouts": null,
            "virtual_machine_id": ""
          },
          "sensitive_attributes": [],
          "private": "eyJlMmJmYjczMC1lY2FhLTExZTYtOGY4OC0zNDM2M2JjN2M0YzAiOnsiY3JlYXRlIjoxODAwMDAwMDAwMDAwLCJkZWxldGUiOjE4MDAwMDAwMDAwMDAsInJlYWQiOjMwMDAwMDAwMDAwMCwidXBkYXRlIjoxODAwMDAwMDAwMDAwfX0=",
          "dependencies": [
            "azurerm_public_ip.demo-ip",
            "azurerm_resource_group.demo-rg",
            "azurerm_subnet.demo-subnet",
            "azurerm_virtual_network.demo-vn"
          ]
        }
      ]
    },
    {
      "mode": "managed",
      "type": "azurerm_network_security_group",
      "name": "demo-sg",
      "provider": "provider[\"registry.terraform.io/hashicorp/azurerm\"]",
      "instances": [
        {
          "schema_version": 0,
          "attributes": {
            "id": "/subscriptions/c33d6608-8002-4e5c-ba8f-657b6e75ad70/resourceGroups/demo-rg/providers/Microsoft.Network/networkSecurityGroups/demo-sg",
            "location": "southindia",
            "name": "demo-sg",
            "resource_group_name": "demo-rg",
            "security_rule": [],
            "tags": {
              "env": "test",
              "owner": "sumit",
              "source": "terraform"
            },
            "timeouts": null
          },
          "sensitive_attributes": [],
          "private": "eyJlMmJmYjczMC1lY2FhLTExZTYtOGY4OC0zNDM2M2JjN2M0YzAiOnsiY3JlYXRlIjoxODAwMDAwMDAwMDAwLCJkZWxldGUiOjE4MDAwMDAwMDAwMDAsInJlYWQiOjMwMDAwMDAwMDAwMCwidXBkYXRlIjoxODAwMDAwMDAwMDAwfX0=",
          "dependencies": [
            "azurerm_resource_group.demo-rg"
          ]
        }
      ]
    },
    {
      "mode": "managed",
      "type": "azurerm_network_security_rule",
      "name": "demo-dev-rule",
      "provider": "provider[\"registry.terraform.io/hashicorp/azurerm\"]",
      "instances": [
        {
          "schema_version": 0,
          "attributes": {
            "access": "Allow",
            "description": "",
            "destination_address_prefix": "*",
            "destination_address_prefixes": null,
            "destination_application_security_group_ids": null,
            "destination_port_range": "*",
            "destination_port_ranges": null,
            "direction": "Inbound",
            "id": "/subscriptions/c33d6608-8002-4e5c-ba8f-657b6e75ad70/resourceGroups/demo-rg/providers/Microsoft.Network/networkSecurityGroups/demo-sg/securityRules/demo-dev-rule",
            "name": "demo-dev-rule",
            "network_security_group_name": "demo-sg",
            "priority": 100,
            "protocol": "*",
            "resource_group_name": "demo-rg",
            "source_address_prefix": "165.225.121.31",
            "source_address_prefixes": null,
            "source_application_security_group_ids": null,
            "source_port_range": "*",
            "source_port_ranges": null,
            "timeouts": null
          },
          "sensitive_attributes": [],
          "private": "eyJlMmJmYjczMC1lY2FhLTExZTYtOGY4OC0zNDM2M2JjN2M0YzAiOnsiY3JlYXRlIjoxODAwMDAwMDAwMDAwLCJkZWxldGUiOjE4MDAwMDAwMDAwMDAsInJlYWQiOjMwMDAwMDAwMDAwMCwidXBkYXRlIjoxODAwMDAwMDAwMDAwfX0=",
          "dependencies": [
            "azurerm_network_security_group.demo-sg",
            "azurerm_resource_group.demo-rg"
          ]
        }
      ]
    },
    {
      "mode": "managed",
      "type": "azurerm_public_ip",
      "name": "demo-ip",
      "provider": "provider[\"registry.terraform.io/hashicorp/azurerm\"]",
      "instances": [
        {
          "schema_version": 0,
          "attributes": {
            "allocation_method": "Dynamic",
            "availability_zone": "No-Zone",
            "domain_name_label": null,
            "fqdn": null,
            "id": "/subscriptions/c33d6608-8002-4e5c-ba8f-657b6e75ad70/resourceGroups/demo-rg/providers/Microsoft.Network/publicIPAddresses/demo-pip",
            "idle_timeout_in_minutes": 4,
            "ip_address": "",
            "ip_tags": null,
            "ip_version": "IPv4",
            "location": "southindia",
            "name": "demo-pip",
            "public_ip_prefix_id": null,
            "resource_group_name": "demo-rg",
            "reverse_fqdn": null,
            "sku": "Basic",
            "sku_tier": "Regional",
            "tags": {
              "env": "test",
              "owner": "sumit",
              "source": "terraform"
            },
            "timeouts": null,
            "zones": []
          },
          "sensitive_attributes": [],
          "private": "eyJlMmJmYjczMC1lY2FhLTExZTYtOGY4OC0zNDM2M2JjN2M0YzAiOnsiY3JlYXRlIjoxODAwMDAwMDAwMDAwLCJkZWxldGUiOjE4MDAwMDAwMDAwMDAsInJlYWQiOjMwMDAwMDAwMDAwMCwidXBkYXRlIjoxODAwMDAwMDAwMDAwfX0=",
          "dependencies": [
            "azurerm_resource_group.demo-rg"
          ]
        }
      ]
    },
    {
      "mode": "managed",
      "type": "azurerm_resource_group",
      "name": "demo-rg",
      "provider": "provider[\"registry.terraform.io/hashicorp/azurerm\"]",
      "instances": [
        {
          "schema_version": 0,
          "attributes": {
            "id": "/subscriptions/c33d6608-8002-4e5c-ba8f-657b6e75ad70/resourceGroups/demo-rg",
            "location": "southindia",
            "name": "demo-rg",
            "tags": {
              "env": "test",
              "owner": "sumit",
              "source": "terraform"
            },
            "timeouts": null
          },
          "sensitive_attributes": [],
          "private": "eyJlMmJmYjczMC1lY2FhLTExZTYtOGY4OC0zNDM2M2JjN2M0YzAiOnsiY3JlYXRlIjo1NDAwMDAwMDAwMDAwLCJkZWxldGUiOjU0MDAwMDAwMDAwMDAsInJlYWQiOjMwMDAwMDAwMDAwMCwidXBkYXRlIjo1NDAwMDAwMDAwMDAwfX0="
        }
      ]
    },
    {
      "mode": "managed",
      "type": "azurerm_subnet",
      "name": "demo-subnet",
      "provider": "provider[\"registry.terraform.io/hashicorp/azurerm\"]",
      "instances": [
        {
          "schema_version": 0,
          "attributes": {
            "address_prefix": "10.123.1.0/24",
            "address_prefixes": [
              "10.123.1.0/24"
            ],
            "delegation": [],
            "enforce_private_link_endpoint_network_policies": false,
            "enforce_private_link_service_network_policies": false,
            "id": "/subscriptions/c33d6608-8002-4e5c-ba8f-657b6e75ad70/resourceGroups/demo-rg/providers/Microsoft.Network/virtualNetworks/demo-vn/subnets/subnet_1",
            "name": "subnet_1",
            "resource_group_name": "demo-rg",
            "service_endpoint_policy_ids": null,
            "service_endpoints": null,
            "timeouts": null,
            "virtual_network_name": "demo-vn"
          },
          "sensitive_attributes": [],
          "private": "eyJlMmJmYjczMC1lY2FhLTExZTYtOGY4OC0zNDM2M2JjN2M0YzAiOnsiY3JlYXRlIjoxODAwMDAwMDAwMDAwLCJkZWxldGUiOjE4MDAwMDAwMDAwMDAsInJlYWQiOjMwMDAwMDAwMDAwMCwidXBkYXRlIjoxODAwMDAwMDAwMDAwfX0=",
          "dependencies": [
            "azurerm_resource_group.demo-rg",
            "azurerm_virtual_network.demo-vn"
          ]
        }
      ]
    },
    {
      "mode": "managed",
      "type": "azurerm_subnet_network_security_group_association",
      "name": "demo-sg-association",
      "provider": "provider[\"registry.terraform.io/hashicorp/azurerm\"]",
      "instances": [
        {
          "schema_version": 0,
          "attributes": {
            "id": "/subscriptions/c33d6608-8002-4e5c-ba8f-657b6e75ad70/resourceGroups/demo-rg/providers/Microsoft.Network/virtualNetworks/demo-vn/subnets/subnet_1",
            "network_security_group_id": "/subscriptions/c33d6608-8002-4e5c-ba8f-657b6e75ad70/resourceGroups/demo-rg/providers/Microsoft.Network/networkSecurityGroups/demo-sg",
            "subnet_id": "/subscriptions/c33d6608-8002-4e5c-ba8f-657b6e75ad70/resourceGroups/demo-rg/providers/Microsoft.Network/virtualNetworks/demo-vn/subnets/subnet_1",
            "timeouts": null
          },
          "sensitive_attributes": [],
          "private": "eyJlMmJmYjczMC1lY2FhLTExZTYtOGY4OC0zNDM2M2JjN2M0YzAiOnsiY3JlYXRlIjoxODAwMDAwMDAwMDAwLCJkZWxldGUiOjE4MDAwMDAwMDAwMDAsInJlYWQiOjMwMDAwMDAwMDAwMCwidXBkYXRlIjoxODAwMDAwMDAwMDAwfX0=",
          "dependencies": [
            "azurerm_network_security_group.demo-sg",
            "azurerm_resource_group.demo-rg",
            "azurerm_subnet.demo-subnet",
            "azurerm_virtual_network.demo-vn"
          ]
        }
      ]
    },
    {
      "mode": "managed",
      "type": "azurerm_virtual_network",
      "name": "demo-vn",
      "provider": "provider[\"registry.terraform.io/hashicorp/azurerm\"]",
      "instances": [
        {
          "schema_version": 0,
          "attributes": {
            "address_space": [
              "10.123.0.0/16"
            ],
            "bgp_community": "",
            "ddos_protection_plan": [],
            "dns_servers": [],
            "flow_timeout_in_minutes": 0,
            "guid": "e272db30-3b1f-4374-af46-701a1007b680",
            "id": "/subscriptions/c33d6608-8002-4e5c-ba8f-657b6e75ad70/resourceGroups/demo-rg/providers/Microsoft.Network/virtualNetworks/demo-vn",
            "location": "southindia",
            "name": "demo-vn",
            "resource_group_name": "demo-rg",
            "subnet": [],
            "tags": {
              "env": "test",
              "owner": "sumit",
              "source": "terraform"
            },
            "timeouts": null,
            "vm_protection_enabled": false
          },
          "sensitive_attributes": [],
          "private": "eyJlMmJmYjczMC1lY2FhLTExZTYtOGY4OC0zNDM2M2JjN2M0YzAiOnsiY3JlYXRlIjoxODAwMDAwMDAwMDAwLCJkZWxldGUiOjE4MDAwMDAwMDAwMDAsInJlYWQiOjMwMDAwMDAwMDAwMCwidXBkYXRlIjoxODAwMDAwMDAwMDAwfX0=",
          "dependencies": [
            "azurerm_resource_group.demo-rg"
          ]
        }
      ]
    }
  ],
  "check_results": null
}
